
Microsoft Visual Studio Solution File, Format Version 12.00
# Visual Studio 14
VisualStudioVersion = 14.0.25420.1
MinimumVisualStudioVersion = 10.0.40219.1
Project("{FAE04EC0-301F-11D3-BF4B-00C04F79EFBC}") = "capaPresentacion", "Proyecto\capaPresentacion.csproj", "{6718BE76-7688-45E1-BF8E-36F180421B88}"
EndProject
Project("{FAE04EC0-301F-11D3-BF4B-00C04F79EFBC}") = "capaDatos", "capaDatos\capaDatos.csproj", "{B98EF1E0-F5FC-4415-9552-32FAC9423C68}"
EndProject
Project("{FAE04EC0-301F-11D3-BF4B-00C04F79EFBC}") = "capaNegocios", "capaNegocios\capaNegocios.csproj", "{AF51B1BE-5ED1-4312-8864-E9B7BEDBA3CE}"
EndProject
Global
	GlobalSection(SolutionConfigurationPlatforms) = preSolution
		Debug|Any CPU = Debug|Any CPU
		Release|Any CPU = Release|Any CPU
	EndGlobalSection
	GlobalSection(ProjectConfigurationPlatforms) = postSolution
		{6718BE76-7688-45E1-BF8E-36F180421B88}.Debug|Any CPU.ActiveCfg = Debug|Any CPU
		{6718BE76-7688-45E1-BF8E-36F180421B88}.Debug|Any CPU.Build.0 = Debug|Any CPU
		{6718BE76-7688-45E1-BF8E-36F180421B88}.Release|Any CPU.ActiveCfg = Release|Any CPU
		{6718BE76-7688-45E1-BF8E-36F180421B88}.Release|Any CPU.Build.0 = Release|Any CPU
		{B98EF1E0-F5FC-4415-9552-32FAC9423C68}.Debug|Any CPU.ActiveCfg = Debug|Any CPU
		{B98EF1E0-F5FC-4415-9552-32FAC9423C68}.Debug|Any CPU.Build.0 = Debug|Any CPU
		{B98EF1E0-F5FC-4415-9552-32FAC9423C68}.Release|Any CPU.ActiveCfg = Release|Any CPU
		{B98EF1E0-F5FC-4415-9552-32FAC9423C68}.Release|Any CPU.Build.0 = Release|Any CPU
		{AF51B1BE-5ED1-4312-8864-E9B7BEDBA3CE}.Debug|Any CPU.ActiveCfg = Debug|Any CPU
		{AF51B1BE-5ED1-4312-8864-E9B7BEDBA3CE}.Debug|Any CPU.Build.0 = Debug|Any CPU
		{AF51B1BE-5ED1-4312-8864-E9B7BEDBA3CE}.Release|Any CPU.ActiveCfg = Release|Any CPU
		{AF51B1BE-5ED1-4312-8864-E9B7BEDBA3CE}.Release|Any CPU.Build.0 = Release|Any CPU
	EndGlobalSection
	GlobalSection(SolutionProperties) = preSolution
		HideSolutionNode = FALSE
	EndGlobalSection
EndGlobal
